
Microsoft Visual Studio Solution File, Format Version 12.00
# Visual Studio Version 17
VisualStudioVersion = 17.5.33516.290
MinimumVisualStudioVersion = 10.0.40219.1
Project("{FAE04EC0-301F-11D3-BF4B-00C04F79EFBC}") = "C-Sharp_Masterclass", "C-Sharp_Masterclass\C-Sharp_Masterclass.csproj", "{2C2125E8-6B90-4A4F-996D-F4560787F512}"
EndProject
Global
	GlobalSection(SolutionConfigurationPlatforms) = preSolution
		Debug|Any CPU = Debug|Any CPU
		Release|Any CPU = Release|Any CPU
	EndGlobalSection
	GlobalSection(ProjectConfigurationPlatforms) = postSolution
		{2C2125E8-6B90-4A4F-996D-F4560787F512}.Debug|Any CPU.ActiveCfg = Debug|Any CPU
		{2C2125E8-6B90-4A4F-996D-F4560787F512}.Debug|Any CPU.Build.0 = Debug|Any CPU
		{2C2125E8-6B90-4A4F-996D-F4560787F512}.Release|Any CPU.ActiveCfg = Release|Any CPU
		{2C2125E8-6B90-4A4F-996D-F4560787F512}.Release|Any CPU.Build.0 = Release|Any CPU
	EndGlobalSection
	GlobalSection(SolutionProperties) = preSolution
		HideSolutionNode = FALSE
	EndGlobalSection
	GlobalSection(ExtensibilityGlobals) = postSolution
		SolutionGuid = {1931E445-D6B4-4A33-8105-066D49A5DED4}
	EndGlobalSection
EndGlobal
