
Microsoft Visual Studio Solution File, Format Version 12.00
# Visual Studio Version 17
VisualStudioVersion = 17.7.34003.232
MinimumVisualStudioVersion = 10.0.40219.1
Project("{FAE04EC0-301F-11D3-BF4B-00C04F79EFBC}") = "Enhanced_If_Statement", "Enhanced_If_Statement\Enhanced_If_Statement.csproj", "{08BA0CBA-E222-47F7-A0B8-FFA6FD52131F}"
EndProject
Global
	GlobalSection(SolutionConfigurationPlatforms) = preSolution
		Debug|Any CPU = Debug|Any CPU
		Release|Any CPU = Release|Any CPU
	EndGlobalSection
	GlobalSection(ProjectConfigurationPlatforms) = postSolution
		{08BA0CBA-E222-47F7-A0B8-FFA6FD52131F}.Debug|Any CPU.ActiveCfg = Debug|Any CPU
		{08BA0CBA-E222-47F7-A0B8-FFA6FD52131F}.Debug|Any CPU.Build.0 = Debug|Any CPU
		{08BA0CBA-E222-47F7-A0B8-FFA6FD52131F}.Release|Any CPU.ActiveCfg = Release|Any CPU
		{08BA0CBA-E222-47F7-A0B8-FFA6FD52131F}.Release|Any CPU.Build.0 = Release|Any CPU
	EndGlobalSection
	GlobalSection(SolutionProperties) = preSolution
		HideSolutionNode = FALSE
	EndGlobalSection
	GlobalSection(ExtensibilityGlobals) = postSolution
		SolutionGuid = {B44435F9-549C-4EFA-A881-76C3C8625D18}
	EndGlobalSection
EndGlobal
